// !$*UTF8*$!
{
	archiveVersion = 1;
	classes = {
	};
	objectVersion = 50;
	objects = {

/* Begin PBXBuildFile section */
		885433692213ED790099EB3E /* AppDelegate.swift in Sources */ = {isa = PBXBuildFile; fileRef = 885433682213ED790099EB3E /* AppDelegate.swift */; };
		8854336E2213ED790099EB3E /* Main.storyboard in Resources */ = {isa = PBXBuildFile; fileRef = 8854336C2213ED790099EB3E /* Main.storyboard */; };
		885433702213ED7B0099EB3E /* Assets.xcassets in Resources */ = {isa = PBXBuildFile; fileRef = 8854336F2213ED7B0099EB3E /* Assets.xcassets */; };
		885433732213ED7B0099EB3E /* LaunchScreen.storyboard in Resources */ = {isa = PBXBuildFile; fileRef = 885433712213ED7B0099EB3E /* LaunchScreen.storyboard */; };
		8854337F2213EFEF0099EB3E /* LocalizeHelper.m in Sources */ = {isa = PBXBuildFile; fileRef = 8854337E2213EFEF0099EB3E /* LocalizeHelper.m */; };
		885433842213F0C80099EB3E /* Localizable.strings in Resources */ = {isa = PBXBuildFile; fileRef = 885433862213F0C80099EB3E /* Localizable.strings */; };
		8854338A2213F7250099EB3E /* ViewController.m in Sources */ = {isa = PBXBuildFile; fileRef = 885433892213F7250099EB3E /* ViewController.m */; };
		8854338F2213FA740099EB3E /* MySwiftViewController.swift in Sources */ = {isa = PBXBuildFile; fileRef = 8854338E2213FA740099EB3E /* MySwiftViewController.swift */; };
/* End PBXBuildFile section */

/* Begin PBXFileReference section */
		885433652213ED790099EB3E /* LanguageChange.app */ = {isa = PBXFileReference; explicitFileType = wrapper.application; includeInIndex = 0; path = LanguageChange.app; sourceTree = BUILT_PRODUCTS_DIR; };
		885433682213ED790099EB3E /* AppDelegate.swift */ = {isa = PBXFileReference; lastKnownFileType = sourcecode.swift; path = AppDelegate.swift; sourceTree = "<group>"; };
		8854336D2213ED790099EB3E /* Base */ = {isa = PBXFileReference; lastKnownFileType = file.storyboard; name = Base; path = Base.lproj/Main.storyboard; sourceTree = "<group>"; };
		8854336F2213ED7B0099EB3E /* Assets.xcassets */ = {isa = PBXFileReference; lastKnownFileType = folder.assetcatalog; path = Assets.xcassets; sourceTree = "<group>"; };
		885433722213ED7B0099EB3E /* Base */ = {isa = PBXFileReference; lastKnownFileType = file.storyboard; name = Base; path = Base.lproj/LaunchScreen.storyboard; sourceTree = "<group>"; };
		885433742213ED7B0099EB3E /* Info.plist */ = {isa = PBXFileReference; lastKnownFileType = text.plist.xml; path = Info.plist; sourceTree = "<group>"; };
		8854337C2213EFEF0099EB3E /* LanguageChange-Bridging-Header.h */ = {isa = PBXFileReference; lastKnownFileType = sourcecode.c.h; path = "LanguageChange-Bridging-Header.h"; sourceTree = "<group>"; };
		8854337D2213EFEF0099EB3E /* LocalizeHelper.h */ = {isa = PBXFileReference; lastKnownFileType = sourcecode.c.h; path = LocalizeHelper.h; sourceTree = "<group>"; };
		8854337E2213EFEF0099EB3E /* LocalizeHelper.m */ = {isa = PBXFileReference; lastKnownFileType = sourcecode.c.objc; path = LocalizeHelper.m; sourceTree = "<group>"; };
		885433822213F0BD0099EB3E /* ta-IN */ = {isa = PBXFileReference; lastKnownFileType = text.plist.strings; name = "ta-IN"; path = "ta-IN.lproj/Main.strings"; sourceTree = "<group>"; };
		885433832213F0BD0099EB3E /* ta-IN */ = {isa = PBXFileReference; lastKnownFileType = text.plist.strings; name = "ta-IN"; path = "ta-IN.lproj/LaunchScreen.strings"; sourceTree = "<group>"; };
		885433852213F0C80099EB3E /* ta-IN */ = {isa = PBXFileReference; lastKnownFileType = text.plist.strings; name = "ta-IN"; path = "ta-IN.lproj/Localizable.strings"; sourceTree = "<group>"; };
		885433872213F0CC0099EB3E /* en */ = {isa = PBXFileReference; lastKnownFileType = text.plist.strings; name = en; path = en.lproj/Localizable.strings; sourceTree = "<group>"; };
		885433882213F7250099EB3E /* ViewController.h */ = {isa = PBXFileReference; lastKnownFileType = sourcecode.c.h; path = ViewController.h; sourceTree = "<group>"; };
		885433892213F7250099EB3E /* ViewController.m */ = {isa = PBXFileReference; lastKnownFileType = sourcecode.c.objc; path = ViewController.m; sourceTree = "<group>"; };
		8854338E2213FA740099EB3E /* MySwiftViewController.swift */ = {isa = PBXFileReference; lastKnownFileType = sourcecode.swift; path = MySwiftViewController.swift; sourceTree = "<group>"; };
/* End PBXFileReference section */

/* Begin PBXFrameworksBuildPhase section */
		885433622213ED790099EB3E /* Frameworks */ = {
			isa = PBXFrameworksBuildPhase;
			buildActionMask = 2147483647;
			files = (
			);
			runOnlyForDeploymentPostprocessing = 0;
		};
/* End PBXFrameworksBuildPhase section */

/* Begin PBXGroup section */
		8854335C2213ED790099EB3E = {
			isa = PBXGroup;
			children = (
				885433672213ED790099EB3E /* LanguageChange */,
				885433662213ED790099EB3E /* Products */,
			);
			sourceTree = "<group>";
		};
		885433662213ED790099EB3E /* Products */ = {
			isa = PBXGroup;
			children = (
				885433652213ED790099EB3E /* LanguageChange.app */,
			);
			name = Products;
			sourceTree = "<group>";
		};
		885433672213ED790099EB3E /* LanguageChange */ = {
			isa = PBXGroup;
			children = (
				885433682213ED790099EB3E /* AppDelegate.swift */,
				885433882213F7250099EB3E /* ViewController.h */,
				885433892213F7250099EB3E /* ViewController.m */,
				8854338E2213FA740099EB3E /* MySwiftViewController.swift */,
				885433862213F0C80099EB3E /* Localizable.strings */,
				8854337D2213EFEF0099EB3E /* LocalizeHelper.h */,
				8854337E2213EFEF0099EB3E /* LocalizeHelper.m */,
				8854337C2213EFEF0099EB3E /* LanguageChange-Bridging-Header.h */,
				8854336C2213ED790099EB3E /* Main.storyboard */,
				8854336F2213ED7B0099EB3E /* Assets.xcassets */,
				885433712213ED7B0099EB3E /* LaunchScreen.storyboard */,
				885433742213ED7B0099EB3E /* Info.plist */,
			);
			path = LanguageChange;
			sourceTree = "<group>";
		};
/* End PBXGroup section */

/* Begin PBXNativeTarget section */
		885433642213ED790099EB3E /* LanguageChange */ = {
			isa = PBXNativeTarget;
			buildConfigurationList = 885433772213ED7B0099EB3E /* Build configuration list for PBXNativeTarget "LanguageChange" */;
			buildPhases = (
				885433612213ED790099EB3E /* Sources */,
				885433622213ED790099EB3E /* Frameworks */,
				885433632213ED790099EB3E /* Resources */,
			);
			buildRules = (
			);
			dependencies = (
			);
			name = LanguageChange;
			productName = LanguageChange;
			productReference = 885433652213ED790099EB3E /* LanguageChange.app */;
			productType = "com.apple.product-type.application";
		};
/* End PBXNativeTarget section */

/* Begin PBXProject section */
		8854335D2213ED790099EB3E /* Project object */ = {
			isa = PBXProject;
			attributes = {
				LastSwiftUpdateCheck = 1010;
				LastUpgradeCheck = 1010;
				ORGANIZATIONNAME = murganandam;
				TargetAttributes = {
					885433642213ED790099EB3E = {
						CreatedOnToolsVersion = 10.1;
						LastSwiftMigration = 1010;
					};
				};
			};
			buildConfigurationList = 885433602213ED790099EB3E /* Build configuration list for PBXProject "LanguageChange" */;
			compatibilityVersion = "Xcode 9.3";
			developmentRegion = en;
			hasScannedForEncodings = 0;
			knownRegions = (
				en,
				Base,
			);
			mainGroup = 8854335C2213ED790099EB3E;
			productRefGroup = 885433662213ED790099EB3E /* Products */;
			projectDirPath = "";
			projectRoot = "";
			targets = (
				885433642213ED790099EB3E /* LanguageChange */,
			);
		};
/* End PBXProject section */

/* Begin PBXResourcesBuildPhase section */
		885433632213ED790099EB3E /* Resources */ = {
			isa = PBXResourcesBuildPhase;
			buildActionMask = 2147483647;
			files = (
				885433732213ED7B0099EB3E /* LaunchScreen.storyboard in Resources */,
				885433842213F0C80099EB3E /* Localizable.strings in Resources */,
				885433702213ED7B0099EB3E /* Assets.xcassets in Resources */,
				8854336E2213ED790099EB3E /* Main.storyboard in Resources */,
			);
			runOnlyForDeploymentPostprocessing = 0;
		};
/* End PBXResourcesBuildPhase section */

/* Begin PBXSourcesBuildPhase section */
		885433612213ED790099EB3E /* Sources */ = {
			isa = PBXSourcesBuildPhase;
			buildActionMask = 2147483647;
			files = (
				8854338F2213FA740099EB3E /* MySwiftViewController.swift in Sources */,
				8854337F2213EFEF0099EB3E /* LocalizeHelper.m in Sources */,
				885433692213ED790099EB3E /* AppDelegate.swift in Sources */,
				8854338A2213F7250099EB3E /* ViewController.m in Sources */,
			);
			runOnlyForDeploymentPostprocessing = 0;
		};
/* End PBXSourcesBuildPhase section */

/* Begin PBXVariantGroup section */
		8854336C2213ED790099EB3E /* Main.storyboard */ = {
			isa = PBXVariantGroup;
			children = (
				8854336D2213ED790099EB3E /* Base */,
				885433822213F0BD0099EB3E /* ta-IN */,
			);
			name = Main.storyboard;
			sourceTree = "<group>";
		};
		885433712213ED7B0099EB3E /* LaunchScreen.storyboard */ = {
			isa = PBXVariantGroup;
			children = (
				885433722213ED7B0099EB3E /* Base */,
				885433832213F0BD0099EB3E /* ta-IN */,
			);
			name = LaunchScreen.storyboard;
			sourceTree = "<group>";
		};
		885433862213F0C80099EB3E /* Localizable.strings */ = {
			isa = PBXVariantGroup;
			children = (
				885433852213F0C80099EB3E /* ta-IN */,
				885433872213F0CC0099EB3E /* en */,
			);
			name = Localizable.strings;
			sourceTree = "<group>";
		};
/* End PBXVariantGroup section */

/* Begin XCBuildConfiguration section */
		885433752213ED7B0099EB3E /* Debug */ = {
			isa = XCBuildConfiguration;
			buildSettings = {
				ALWAYS_SEARCH_USER_PATHS = NO;
				CLANG_ANALYZER_LOCALIZABILITY_NONLOCALIZED = YES;
				CLANG_ANALYZER_NONNULL = YES;
				CLANG_ANALYZER_NUMBER_OBJECT_CONVERSION = YES_AGGRESSIVE;
				CLANG_CXX_LANGUAGE_STANDARD = "gnu++14";
				CLANG_CXX_LIBRARY = "libc++";
				CLANG_ENABLE_MODULES = YES;
				CLANG_ENABLE_OBJC_ARC = YES;
				CLANG_ENABLE_OBJC_WEAK = YES;
				CLANG_WARN_BLOCK_CAPTURE_AUTORELEASING = YES;
				CLANG_WARN_BOOL_CONVERSION = YES;
				CLANG_WARN_COMMA = YES;
				CLANG_WARN_CONSTANT_CONVERSION = YES;
				CLANG_WARN_DEPRECATED_OBJC_IMPLEMENTATIONS = YES;
				CLANG_WARN_DIRECT_OBJC_ISA_USAGE = YES_ERROR;
				CLANG_WARN_DOCUMENTATION_COMMENTS = YES;
				CLANG_WARN_EMPTY_BODY = YES;
				CLANG_WARN_ENUM_CONVERSION = YES;
				CLANG_WARN_INFINITE_RECURSION = YES;
				CLANG_WARN_INT_CONVERSION = YES;
				CLANG_WARN_NON_LITERAL_NULL_CONVERSION = YES;
				CLANG_WARN_OBJC_IMPLICIT_RETAIN_SELF = YES;
				CLANG_WARN_OBJC_LITERAL_CONVERSION = YES;
				CLANG_WARN_OBJC_ROOT_CLASS = YES_ERROR;
				CLANG_WARN_RANGE_LOOP_ANALYSIS = YES;
				CLANG_WARN_STRICT_PROTOTYPES = YES;
				CLANG_WARN_SUSPICIOUS_MOVE = YES;
				CLANG_WARN_UNGUARDED_AVAILABILITY = YES_AGGRESSIVE;
				CLANG_WARN_UNREACHABLE_CODE = YES;
				CLANG_WARN__DUPLICATE_METHOD_MATCH = YES;
				CODE_SIGN_IDENTITY = "iPhone Developer";
				COPY_PHASE_STRIP = NO;
				DEBUG_INFORMATION_FORMAT = dwarf;
				ENABLE_STRICT_OBJC_MSGSEND = YES;
				ENABLE_TESTABILITY = YES;
				GCC_C_LANGUAGE_STANDARD = gnu11;
				GCC_DYNAMIC_NO_PIC = NO;
				GCC_NO_COMMON_BLOCKS = YES;
				GCC_OPTIMIZATION_LEVEL = 0;
				GCC_PREPROCESSOR_DEFINITIONS = (
					"DEBUG=1",
					"$(inherited)",
				);
				GCC_WARN_64_TO_32_BIT_CONVERSION = YES;
				GCC_WARN_ABOUT_RETURN_TYPE = YES_ERROR;
				GCC_WARN_UNDECLARED_SELECTOR = YES;
				GCC_WARN_UNINITIALIZED_AUTOS = YES_AGGRESSIVE;
				GCC_WARN_UNUSED_FUNCTION = YES;
				GCC_WARN_UNUSED_VARIABLE = YES;
				IPHONEOS_DEPLOYMENT_TARGET = 12.1;
				MTL_ENABLE_DEBUG_INFO = INCLUDE_SOURCE;
				MTL_FAST_MATH = YES;
				ONLY_ACTIVE_ARCH = YES;
				SDKROOT = iphoneos;
				SWIFT_ACTIVE_COMPILATION_CONDITIONS = DEBUG;
				SWIFT_OPTIMIZATION_LEVEL = "-Onone";
			};
			name = Debug;
		};
		885433762213ED7B0099EB3E /* Release */ = {
			isa = XCBuildConfiguration;
			buildSettings = {
				ALWAYS_SEARCH_USER_PATHS = NO;
				CLANG_ANALYZER_LOCALIZABILITY_NONLOCALIZED = YES;
				CLANG_ANALYZER_NONNULL = YES;
				CLANG_ANALYZER_NUMBER_OBJECT_CONVERSION = YES_AGGRESSIVE;
				CLANG_CXX_LANGUAGE_STANDARD = "gnu++14";
				CLANG_CXX_LIBRARY = "libc++";
				CLANG_ENABLE_MODULES = YES;
				CLANG_ENABLE_OBJC_ARC = YES;
				CLANG_ENABLE_OBJC_WEAK = YES;
				CLANG_WARN_BLOCK_CAPTURE_AUTORELEASING = YES;
				CLANG_WARN_BOOL_CONVERSION = YES;
				CLANG_WARN_COMMA = YES;
				CLANG_WARN_CONSTANT_CONVERSION = YES;
				CLANG_WARN_DEPRECATED_OBJC_IMPLEMENTATIONS = YES;
				CLANG_WARN_DIRECT_OBJC_ISA_USAGE = YES_ERROR;
				CLANG_WARN_DOCUMENTATION_COMMENTS = YES;
				CLANG_WARN_EMPTY_BODY = YES;
				CLANG_WARN_ENUM_CONVERSION = YES;
				CLANG_WARN_INFINITE_RECURSION = YES;
				CLANG_WARN_INT_CONVERSION = YES;
				CLANG_WARN_NON_LITERAL_NULL_CONVERSION = YES;
				CLANG_WARN_OBJC_IMPLICIT_RETAIN_SELF = YES;
				CLANG_WARN_OBJC_LITERAL_CONVERSION = YES;
				CLANG_WARN_OBJC_ROOT_CLASS = YES_ERROR;
				CLANG_WARN_RANGE_LOOP_ANALYSIS = YES;
				CLANG_WARN_STRICT_PROTOTYPES = YES;
				CLANG_WARN_SUSPICIOUS_MOVE = YES;
				CLANG_WARN_UNGUARDED_AVAILABILITY = YES_AGGRESSIVE;
				CLANG_WARN_UNREACHABLE_CODE = YES;
				CLANG_WARN__DUPLICATE_METHOD_MATCH = YES;
				CODE_SIGN_IDENTITY = "iPhone Developer";
				COPY_PHASE_STRIP = NO;
				DEBUG_INFORMATION_FORMAT = "dwarf-with-dsym";
				ENABLE_NS_ASSERTIONS = NO;
				ENABLE_STRICT_OBJC_MSGSEND = YES;
				GCC_C_LANGUAGE_STANDARD = gnu11;
				GCC_NO_COMMON_BLOCKS = YES;
				GCC_WARN_64_TO_32_BIT_CONVERSION = YES;
				GCC_WARN_ABOUT_RETURN_TYPE = YES_ERROR;
				GCC_WARN_UNDECLARED_SELECTOR = YES;
				GCC_WARN_UNINITIALIZED_AUTOS = YES_AGGRESSIVE;
				GCC_WARN_UNUSED_FUNCTION = YES;
				GCC_WARN_UNUSED_VARIABLE = YES;
				IPHONEOS_DEPLOYMENT_TARGET = 12.1;
				MTL_ENABLE_DEBUG_INFO = NO;
				MTL_FAST_MATH = YES;
				SDKROOT = iphoneos;
				SWIFT_COMPILATION_MODE = wholemodule;
				SWIFT_OPTIMIZATION_LEVEL = "-O";
				VALIDATE_PRODUCT = YES;
			};
			name = Release;
		};
		885433782213ED7B0099EB3E /* Debug */ = {
			isa = XCBuildConfiguration;
			buildSettings = {
				ASSETCATALOG_COMPILER_APPICON_NAME = AppIcon;
				CLANG_ENABLE_MODULES = YES;
				CODE_SIGN_STYLE = Automatic;
				DEVELOPMENT_TEAM = NNAD885P6W;
				INFOPLIST_FILE = LanguageChange/Info.plist;
				LD_RUNPATH_SEARCH_PATHS = (
					"$(inherited)",
					"@executable_path/Frameworks",
				);
				PRODUCT_BUNDLE_IDENTIFIER = com.prematix.LanguageChange;
				PRODUCT_NAME = "$(TARGET_NAME)";
				SWIFT_OBJC_BRIDGING_HEADER = "LanguageChange/LanguageChange-Bridging-Header.h";
				SWIFT_OPTIMIZATION_LEVEL = "-Onone";
				SWIFT_VERSION = 4.2;
				TARGETED_DEVICE_FAMILY = "1,2";
			};
			name = Debug;
		};
		885433792213ED7B0099EB3E /* Release */ = {
			isa = XCBuildConfiguration;
			buildSettings = {
				ASSETCATALOG_COMPILER_APPICON_NAME = AppIcon;
				CLANG_ENABLE_MODULES = YES;
				CODE_SIGN_STYLE = Automatic;
				DEVELOPMENT_TEAM = NNAD885P6W;
				INFOPLIST_FILE = LanguageChange/Info.plist;
				LD_RUNPATH_SEARCH_PATHS = (
					"$(inherited)",
					"@executable_path/Frameworks",
				);
				PRODUCT_BUNDLE_IDENTIFIER = com.prematix.LanguageChange;
				PRODUCT_NAME = "$(TARGET_NAME)";
				SWIFT_OBJC_BRIDGING_HEADER = "LanguageChange/LanguageChange-Bridging-Header.h";
				SWIFT_VERSION = 4.2;
				TARGETED_DEVICE_FAMILY = "1,2";
			};
			name = Release;
		};
/* End XCBuildConfiguration section */

/* Begin XCConfigurationList section */
		885433602213ED790099EB3E /* Build configuration list for PBXProject "LanguageChange" */ = {
			isa = XCConfigurationList;
			buildConfigurations = (
				885433752213ED7B0099EB3E /* Debug */,
				885433762213ED7B0099EB3E /* Release */,
			);
			defaultConfigurationIsVisible = 0;
			defaultConfigurationName = Release;
		};
		885433772213ED7B0099EB3E /* Build configuration list for PBXNativeTarget "LanguageChange" */ = {
			isa = XCConfigurationList;
			buildConfigurations = (
				885433782213ED7B0099EB3E /* Debug */,
				885433792213ED7B0099EB3E /* Release */,
			);
			defaultConfigurationIsVisible = 0;
			defaultConfigurationName = Release;
		};
/* End XCConfigurationList section */
	};
	rootObject = 8854335D2213ED790099EB3E /* Project object */;
}
